
Microsoft Visual Studio Solution File, Format Version 12.00
# Visual Studio 15
VisualStudioVersion = 15.0.27703.2000
MinimumVisualStudioVersion = 10.0.40219.1
Project("{888888A0-9F3D-457C-B088-3A5042F75D52}") = "Elevator", "Elevator\Elevator.pyproj", "{0701F938-8C9B-4285-9FFC-3D18ACB50F88}"
EndProject
Global
	GlobalSection(SolutionConfigurationPlatforms) = preSolution
		Debug|Any CPU = Debug|Any CPU
		Release|Any CPU = Release|Any CPU
	EndGlobalSection
	GlobalSection(ProjectConfigurationPlatforms) = postSolution
		{0701F938-8C9B-4285-9FFC-3D18ACB50F88}.Debug|Any CPU.ActiveCfg = Debug|Any CPU
		{0701F938-8C9B-4285-9FFC-3D18ACB50F88}.Release|Any CPU.ActiveCfg = Release|Any CPU
	EndGlobalSection
	GlobalSection(SolutionProperties) = preSolution
		HideSolutionNode = FALSE
	EndGlobalSection
	GlobalSection(ExtensibilityGlobals) = postSolution
		SolutionGuid = {9BA2C690-0E54-4497-8AB6-AA4C053EA194}
	EndGlobalSection
EndGlobal
